dependencies:
  idf:
    source:
      type: idf
    version: 5.5.3
  joltwallet/littlefs:
    component_hash: dcea25bcef2de023f089f5f01e8d8c46ad1b8ffef75861ad5ffb4098555839df
    dependencies:
    - name: idf
      require: private
      version: '>=5.0'
    source:
      registry_url: https://components.espressif.com/
      type: service
    version: 1.20.4
direct_dependencies:
- joltwallet/littlefs
manifest_hash: 60eb6246a4074e356970ba3c0ac9eaa11e57b48dba034f0a474ec9f233799cad
target: esp32s3
version: 2.0.0
